# Auto-generated by dotagents. Do not edit.
version = 1

[skills.find-bugs]
source = "getsentry/skills"
resolved_url = "https://github.com/getsentry/skills.git"
resolved_path = ".agents/skills/find-bugs"
commit = "300f87e68926c4a89d664d730e87c2375ab6d215"
integrity = "sha256-FWmCLdOj+x+XffiEg7Bx19drylVypeKz8me9OA757js="

[skills.security-review]
source = "getsentry/skills"
resolved_url = "https://github.com/getsentry/skills.git"
resolved_path = ".agents/skills/security-review"
commit = "300f87e68926c4a89d664d730e87c2375ab6d215"
integrity = "sha256-/PngFJkQcji7nYQjh1yerMnxIBaEJNiClJJ8FuCGgAo="

